# This file is automatically @generated by Cargo.
# It is not intended for manual editing.
version = 4

[[package]]
name = "abi"
version = "0.0.0"

[[package]]
name = "arch-x86_64"
version = "0.0.0"

[[package]]
name = "capabilities"
version = "0.0.0"

[[package]]
name = "driver-host"
version = "0.0.0"

[[package]]
name = "driver-shim"
version = "0.0.0"

[[package]]
name = "init"
version = "0.0.0"

[[package]]
name = "iommu-amdvi"
version = "0.0.0"

[[package]]
name = "ipc"
version = "0.0.0"

[[package]]
name = "mkimage"
version = "0.0.0"

[[package]]
name = "nucleus"
version = "0.0.0"
dependencies = [
 "arch-x86_64",
]

[[package]]
name = "nucleus-core"
version = "0.0.0"

[[package]]
name = "run-vm"
version = "0.0.0"

[[package]]
name = "userland-rt"
version = "0.0.0"

[[package]]
name = "verify"
version = "0.0.0"

[[package]]
name = "vspace"
version = "0.0.0"

[[package]]
name = "xtask"
version = "0.0.0"
