# This file is automatically @generated by Cargo.
# It is not intended for manual editing.
version = 4

[[package]]
name = "abi"
version = "0.0.0"

[[package]]
name = "arch-riscv64"
version = "0.0.0"
dependencies = [
 "abi",
]

[[package]]
name = "arch-x86_64"
version = "0.0.0"

[[package]]
name = "capabilities"
version = "0.0.0"
dependencies = [
 "abi",
]

[[package]]
name = "driver-host"
version = "0.0.0"

[[package]]
name = "driver-shim"
version = "0.0.0"

[[package]]
name = "hostcontract"
version = "0.0.0"
dependencies = [
 "abi",
]

[[package]]
name = "init"
version = "0.0.0"
dependencies = [
 "abi",
]

[[package]]
name = "iommu-amdvi"
version = "0.0.0"

[[package]]
name = "ipc"
version = "0.0.0"
dependencies = [
 "abi",
]

[[package]]
name = "loader"
version = "0.0.0"
dependencies = [
 "abi",
 "vspace",
]

[[package]]
name = "loader-riscv"
version = "0.0.0"
dependencies = [
 "abi",
 "vspace-riscv",
]

[[package]]
name = "mkimage"
version = "0.0.0"

[[package]]
name = "mm"
version = "0.0.0"
dependencies = [
 "abi",
]

[[package]]
name = "nucleus"
version = "0.0.0"
dependencies = [
 "abi",
 "arch-x86_64",
 "capabilities",
 "hostcontract",
 "ipc",
 "loader",
 "mm",
 "sched",
 "vspace",
]

[[package]]
name = "nucleus-core"
version = "0.0.0"

[[package]]
name = "nucleus-riscv"
version = "0.0.0"
dependencies = [
 "abi",
 "arch-riscv64",
 "capabilities",
 "hostcontract",
 "ipc",
 "loader-riscv",
 "mm",
 "vspace-riscv",
]

[[package]]
name = "riscv-init"
version = "0.0.0"
dependencies = [
 "abi",
]

[[package]]
name = "run-vm"
version = "0.0.0"

[[package]]
name = "sched"
version = "0.0.0"
dependencies = [
 "abi",
]

[[package]]
name = "userland-rt"
version = "0.0.0"

[[package]]
name = "verify"
version = "0.0.0"

[[package]]
name = "vspace"
version = "0.0.0"
dependencies = [
 "abi",
]

[[package]]
name = "vspace-riscv"
version = "0.0.0"
dependencies = [
 "abi",
]

[[package]]
name = "xtask"
version = "0.0.0"
